// !$*UTF8*$!
{
	archiveVersion = 1;
	classes = {
	};
	objectVersion = 50;
	objects = {

/* Begin PBXBuildFile section */
		3BCAF04220DBA10C0066240C /* AppDelegate.swift in Sources */ = {isa = PBXBuildFile; fileRef = 3BCAF04120DBA10C0066240C /* AppDelegate.swift */; };
		3BCAF04420DBA10C0066240C /* ViewController.swift in Sources */ = {isa = PBXBuildFile; fileRef = 3BCAF04320DBA10C0066240C /* ViewController.swift */; };
		3BCAF04720DBA10C0066240C /* Main.storyboard in Resources */ = {isa = PBXBuildFile; fileRef = 3BCAF04520DBA10C0066240C /* Main.storyboard */; };
		3BCAF04920DBA10D0066240C /* Assets.xcassets in Resources */ = {isa = PBXBuildFile; fileRef = 3BCAF04820DBA10D0066240C /* Assets.xcassets */; };
		3BCAF04C20DBA10D0066240C /* LaunchScreen.storyboard in Resources */ = {isa = PBXBuildFile; fileRef = 3BCAF04A20DBA10D0066240C /* LaunchScreen.storyboard */; };
/* End PBXBuildFile section */

/* Begin PBXFileReference section */
		3BCAF03E20DBA10C0066240C /* sliderMenuTest.app */ = {isa = PBXFileReference; explicitFileType = wrapper.application; includeInIndex = 0; path = sliderMenuTest.app; sourceTree = BUILT_PRODUCTS_DIR; };
		3BCAF04120DBA10C0066240C /* AppDelegate.swift */ = {isa = PBXFileReference; lastKnownFileType = sourcecode.swift; path = AppDelegate.swift; sourceTree = "<group>"; };
		3BCAF04320DBA10C0066240C /* ViewController.swift */ = {isa = PBXFileReference; lastKnownFileType = sourcecode.swift; path = ViewController.swift; sourceTree = "<group>"; };
		3BCAF04620DBA10C0066240C /* Base */ = {isa = PBXFileReference; lastKnownFileType = file.storyboard; name = Base; path = Base.lproj/Main.storyboard; sourceTree = "<group>"; };
		3BCAF04820DBA10D0066240C /* Assets.xcassets */ = {isa = PBXFileReference; lastKnownFileType = folder.assetcatalog; path = Assets.xcassets; sourceTree = "<group>"; };
		3BCAF04B20DBA10D0066240C /* Base */ = {isa = PBXFileReference; lastKnownFileType = file.storyboard; name = Base; path = Base.lproj/LaunchScreen.storyboard; sourceTree = "<group>"; };
		3BCAF04D20DBA10D0066240C /* Info.plist */ = {isa = PBXFileReference; lastKnownFileType = text.plist.xml; path = Info.plist; sourceTree = "<group>"; };
/* End PBXFileReference section */

/* Begin PBXFrameworksBuildPhase section */
		3BCAF03B20DBA10C0066240C /* Frameworks */ = {
			isa = PBXFrameworksBuildPhase;
			buildActionMask = 2147483647;
			files = (
			);
			runOnlyForDeploymentPostprocessing = 0;
		};
/* End PBXFrameworksBuildPhase section */

/* Begin PBXGroup section */
		3BCAF03520DBA10C0066240C = {
			isa = PBXGroup;
			children = (
				3BCAF04020DBA10C0066240C /* sliderMenuTest */,
				3BCAF03F20DBA10C0066240C /* Products */,
			);
			sourceTree = "<group>";
		};
		3BCAF03F20DBA10C0066240C /* Products */ = {
			isa = PBXGroup;
			children = (
				3BCAF03E20DBA10C0066240C /* sliderMenuTest.app */,
			);
			name = Products;
			sourceTree = "<group>";
		};
		3BCAF04020DBA10C0066240C /* sliderMenuTest */ = {
			isa = PBXGroup;
			children = (
				3BCAF04120DBA10C0066240C /* AppDelegate.swift */,
				3BCAF04320DBA10C0066240C /* ViewController.swift */,
				3BCAF04520DBA10C0066240C /* Main.storyboard */,
				3BCAF04820DBA10D0066240C /* Assets.xcassets */,
				3BCAF04A20DBA10D0066240C /* LaunchScreen.storyboard */,
				3BCAF04D20DBA10D0066240C /* Info.plist */,
			);
			path = sliderMenuTest;
			sourceTree = "<group>";
		};
/* End PBXGroup section */

/* Begin PBXNativeTarget section */
		3BCAF03D20DBA10C0066240C /* sliderMenuTest */ = {
			isa = PBXNativeTarget;
			buildConfigurationList = 3BCAF05020DBA10D0066240C /* Build configuration list for PBXNativeTarget "sliderMenuTest" */;
			buildPhases = (
				3BCAF03A20DBA10C0066240C /* Sources */,
				3BCAF03B20DBA10C0066240C /* Frameworks */,
				3BCAF03C20DBA10C0066240C /* Resources */,
			);
			buildRules = (
			);
			dependencies = (
			);
			name = sliderMenuTest;
			productName = sliderMenuTest;
			productReference = 3BCAF03E20DBA10C0066240C /* sliderMenuTest.app */;
			productType = "com.apple.product-type.application";
		};
/* End PBXNativeTarget section */

/* Begin PBXProject section */
		3BCAF03620DBA10C0066240C /* Project object */ = {
			isa = PBXProject;
			attributes = {
				LastSwiftUpdateCheck = 0930;
				LastUpgradeCheck = 0930;
				ORGANIZATIONNAME = "Lai Evan";
				TargetAttributes = {
					3BCAF03D20DBA10C0066240C = {
						CreatedOnToolsVersion = 9.3;
					};
				};
			};
			buildConfigurationList = 3BCAF03920DBA10C0066240C /* Build configuration list for PBXProject "sliderMenuTest" */;
			compatibilityVersion = "Xcode 9.3";
			developmentRegion = en;
			hasScannedForEncodings = 0;
			knownRegions = (
				en,
				Base,
			);
			mainGroup = 3BCAF03520DBA10C0066240C;
			productRefGroup = 3BCAF03F20DBA10C0066240C /* Products */;
			projectDirPath = "";
			projectRoot = "";
			targets = (
				3BCAF03D20DBA10C0066240C /* sliderMenuTest */,
			);
		};
/* End PBXProject section */

/* Begin PBXResourcesBuildPhase section */
		3BCAF03C20DBA10C0066240C /* Resources */ = {
			isa = PBXResourcesBuildPhase;
			buildActionMask = 2147483647;
			files = (
				3BCAF04C20DBA10D0066240C /* LaunchScreen.storyboard in Resources */,
				3BCAF04920DBA10D0066240C /* Assets.xcassets in Resources */,
				3BCAF04720DBA10C0066240C /* Main.storyboard in Resources */,
			);
			runOnlyForDeploymentPostprocessing = 0;
		};
/* End PBXResourcesBuildPhase section */

/* Begin PBXSourcesBuildPhase section */
		3BCAF03A20DBA10C0066240C /* Sources */ = {
			isa = PBXSourcesBuildPhase;
			buildActionMask = 2147483647;
			files = (
				3BCAF04420DBA10C0066240C /* ViewController.swift in Sources */,
				3BCAF04220DBA10C0066240C /* AppDelegate.swift in Sources */,
			);
			runOnlyForDeploymentPostprocessing = 0;
		};
/* End PBXSourcesBuildPhase section */

/* Begin PBXVariantGroup section */
		3BCAF04520DBA10C0066240C /* Main.storyboard */ = {
			isa = PBXVariantGroup;
			children = (
				3BCAF04620DBA10C0066240C /* Base */,
			);
			name = Main.storyboard;
			sourceTree = "<group>";
		};
		3BCAF04A20DBA10D0066240C /* LaunchScreen.storyboard */ = {
			isa = PBXVariantGroup;
			children = (
				3BCAF04B20DBA10D0066240C /* Base */,
			);
			name = LaunchScreen.storyboard;
			sourceTree = "<group>";
		};
/* End PBXVariantGroup section */

/* Begin XCBuildConfiguration section */
		3BCAF04E20DBA10D0066240C /* Debug */ = {
			isa = XCBuildConfiguration;
			buildSettings = {
				ALWAYS_SEARCH_USER_PATHS = NO;
				CLANG_ANALYZER_NONNULL = YES;
				CLANG_ANALYZER_NUMBER_OBJECT_CONVERSION = YES_AGGRESSIVE;
				CLANG_CXX_LANGUAGE_STANDARD = "gnu++14";
				CLANG_CXX_LIBRARY = "libc++";
				CLANG_ENABLE_MODULES = YES;
				CLANG_ENABLE_OBJC_ARC = YES;
				CLANG_ENABLE_OBJC_WEAK = YES;
				CLANG_WARN_BLOCK_CAPTURE_AUTORELEASING = YES;
				CLANG_WARN_BOOL_CONVERSION = YES;
				CLANG_WARN_COMMA = YES;
				CLANG_WARN_CONSTANT_CONVERSION = YES;
				CLANG_WARN_DEPRECATED_OBJC_IMPLEMENTATIONS = YES;
				CLANG_WARN_DIRECT_OBJC_ISA_USAGE = YES_ERROR;
				CLANG_WARN_DOCUMENTATION_COMMENTS = YES;
				CLANG_WARN_EMPTY_BODY = YES;
				CLANG_WARN_ENUM_CONVERSION = YES;
				CLANG_WARN_INFINITE_RECURSION = YES;
				CLANG_WARN_INT_CONVERSION = YES;
				CLANG_WARN_NON_LITERAL_NULL_CONVERSION = YES;
				CLANG_WARN_OBJC_IMPLICIT_RETAIN_SELF = YES;
				CLANG_WARN_OBJC_LITERAL_CONVERSION = YES;
				CLANG_WARN_OBJC_ROOT_CLASS = YES_ERROR;
				CLANG_WARN_RANGE_LOOP_ANALYSIS = YES;
				CLANG_WARN_STRICT_PROTOTYPES = YES;
				CLANG_WARN_SUSPICIOUS_MOVE = YES;
				CLANG_WARN_UNGUARDED_AVAILABILITY = YES_AGGRESSIVE;
				CLANG_WARN_UNREACHABLE_CODE = YES;
				CLANG_WARN__DUPLICATE_METHOD_MATCH = YES;
				CODE_SIGN_IDENTITY = "iPhone Developer";
				COPY_PHASE_STRIP = NO;
				DEBUG_INFORMATION_FORMAT = dwarf;
				ENABLE_STRICT_OBJC_MSGSEND = YES;
				ENABLE_TESTABILITY = YES;
				GCC_C_LANGUAGE_STANDARD = gnu11;
				GCC_DYNAMIC_NO_PIC = NO;
				GCC_NO_COMMON_BLOCKS = YES;
				GCC_OPTIMIZATION_LEVEL = 0;
				GCC_PREPROCESSOR_DEFINITIONS = (
					"DEBUG=1",
					"$(inherited)",
				);
				GCC_WARN_64_TO_32_BIT_CONVERSION = YES;
				GCC_WARN_ABOUT_RETURN_TYPE = YES_ERROR;
				GCC_WARN_UNDECLARED_SELECTOR = YES;
				GCC_WARN_UNINITIALIZED_AUTOS = YES_AGGRESSIVE;
				GCC_WARN_UNUSED_FUNCTION = YES;
				GCC_WARN_UNUSED_VARIABLE = YES;
				IPHONEOS_DEPLOYMENT_TARGET = 11.3;
				MTL_ENABLE_DEBUG_INFO = YES;
				ONLY_ACTIVE_ARCH = YES;
				SDKROOT = iphoneos;
				SWIFT_ACTIVE_COMPILATION_CONDITIONS = DEBUG;
				SWIFT_OPTIMIZATION_LEVEL = "-Onone";
			};
			name = Debug;
		};
		3BCAF04F20DBA10D0066240C /* Release */ = {
			isa = XCBuildConfiguration;
			buildSettings = {
				ALWAYS_SEARCH_USER_PATHS = NO;
				CLANG_ANALYZER_NONNULL = YES;
				CLANG_ANALYZER_NUMBER_OBJECT_CONVERSION = YES_AGGRESSIVE;
				CLANG_CXX_LANGUAGE_STANDARD = "gnu++14";
				CLANG_CXX_LIBRARY = "libc++";
				CLANG_ENABLE_MODULES = YES;
				CLANG_ENABLE_OBJC_ARC = YES;
				CLANG_ENABLE_OBJC_WEAK = YES;
				CLANG_WARN_BLOCK_CAPTURE_AUTORELEASING = YES;
				CLANG_WARN_BOOL_CONVERSION = YES;
				CLANG_WARN_COMMA = YES;
				CLANG_WARN_CONSTANT_CONVERSION = YES;
				CLANG_WARN_DEPRECATED_OBJC_IMPLEMENTATIONS = YES;
				CLANG_WARN_DIRECT_OBJC_ISA_USAGE = YES_ERROR;
				CLANG_WARN_DOCUMENTATION_COMMENTS = YES;
				CLANG_WARN_EMPTY_BODY = YES;
				CLANG_WARN_ENUM_CONVERSION = YES;
				CLANG_WARN_INFINITE_RECURSION = YES;
				CLANG_WARN_INT_CONVERSION = YES;
				CLANG_WARN_NON_LITERAL_NULL_CONVERSION = YES;
				CLANG_WARN_OBJC_IMPLICIT_RETAIN_SELF = YES;
				CLANG_WARN_OBJC_LITERAL_CONVERSION = YES;
				CLANG_WARN_OBJC_ROOT_CLASS = YES_ERROR;
				CLANG_WARN_RANGE_LOOP_ANALYSIS = YES;
				CLANG_WARN_STRICT_PROTOTYPES = YES;
				CLANG_WARN_SUSPICIOUS_MOVE = YES;
				CLANG_WARN_UNGUARDED_AVAILABILITY = YES_AGGRESSIVE;
				CLANG_WARN_UNREACHABLE_CODE = YES;
				CLANG_WARN__DUPLICATE_METHOD_MATCH = YES;
				CODE_SIGN_IDENTITY = "iPhone Developer";
				COPY_PHASE_STRIP = NO;
				DEBUG_INFORMATION_FORMAT = "dwarf-with-dsym";
				ENABLE_NS_ASSERTIONS = NO;
				ENABLE_STRICT_OBJC_MSGSEND = YES;
				GCC_C_LANGUAGE_STANDARD = gnu11;
				GCC_NO_COMMON_BLOCKS = YES;
				GCC_WARN_64_TO_32_BIT_CONVERSION = YES;
				GCC_WARN_ABOUT_RETURN_TYPE = YES_ERROR;
				GCC_WARN_UNDECLARED_SELECTOR = YES;
				GCC_WARN_UNINITIALIZED_AUTOS = YES_AGGRESSIVE;
				GCC_WARN_UNUSED_FUNCTION = YES;
				GCC_WARN_UNUSED_VARIABLE = YES;
				IPHONEOS_DEPLOYMENT_TARGET = 11.3;
				MTL_ENABLE_DEBUG_INFO = NO;
				SDKROOT = iphoneos;
				SWIFT_COMPILATION_MODE = wholemodule;
				SWIFT_OPTIMIZATION_LEVEL = "-O";
				VALIDATE_PRODUCT = YES;
			};
			name = Release;
		};
		3BCAF05120DBA10D0066240C /* Debug */ = {
			isa = XCBuildConfiguration;
			buildSettings = {
				ASSETCATALOG_COMPILER_APPICON_NAME = AppIcon;
				CODE_SIGN_STYLE = Automatic;
				DEVELOPMENT_TEAM = 79E68ZK73C;
				INFOPLIST_FILE = sliderMenuTest/Info.plist;
				LD_RUNPATH_SEARCH_PATHS = (
					"$(inherited)",
					"@executable_path/Frameworks",
				);
				PRODUCT_BUNDLE_IDENTIFIER = Evan.sliderMenuTest;
				PRODUCT_NAME = "$(TARGET_NAME)";
				SWIFT_VERSION = 4.0;
				TARGETED_DEVICE_FAMILY = "1,2";
			};
			name = Debug;
		};
		3BCAF05220DBA10D0066240C /* Release */ = {
			isa = XCBuildConfiguration;
			buildSettings = {
				ASSETCATALOG_COMPILER_APPICON_NAME = AppIcon;
				CODE_SIGN_STYLE = Automatic;
				DEVELOPMENT_TEAM = 79E68ZK73C;
				INFOPLIST_FILE = sliderMenuTest/Info.plist;
				LD_RUNPATH_SEARCH_PATHS = (
					"$(inherited)",
					"@executable_path/Frameworks",
				);
				PRODUCT_BUNDLE_IDENTIFIER = Evan.sliderMenuTest;
				PRODUCT_NAME = "$(TARGET_NAME)";
				SWIFT_VERSION = 4.0;
				TARGETED_DEVICE_FAMILY = "1,2";
			};
			name = Release;
		};
/* End XCBuildConfiguration section */

/* Begin XCConfigurationList section */
		3BCAF03920DBA10C0066240C /* Build configuration list for PBXProject "sliderMenuTest" */ = {
			isa = XCConfigurationList;
			buildConfigurations = (
				3BCAF04E20DBA10D0066240C /* Debug */,
				3BCAF04F20DBA10D0066240C /* Release */,
			);
			defaultConfigurationIsVisible = 0;
			defaultConfigurationName = Release;
		};
		3BCAF05020DBA10D0066240C /* Build configuration list for PBXNativeTarget "sliderMenuTest" */ = {
			isa = XCConfigurationList;
			buildConfigurations = (
				3BCAF05120DBA10D0066240C /* Debug */,
				3BCAF05220DBA10D0066240C /* Release */,
			);
			defaultConfigurationIsVisible = 0;
			defaultConfigurationName = Release;
		};
/* End XCConfigurationList section */
	};
	rootObject = 3BCAF03620DBA10C0066240C /* Project object */;
}
